
Microsoft Visual Studio Solution File, Format Version 12.00
# Visual Studio Version 17
VisualStudioVersion = 17.14.37111.16 d17.14
MinimumVisualStudioVersion = 10.0.40219.1
Project("{FAE04EC0-301F-11D3-BF4B-00C04F79EFBC}") = "LedgerGuard.API", "LedgerGuard.API\LedgerGuard.API.csproj", "{71CCCF41-9049-4534-8DDE-7D5A0A8FCEC4}"
EndProject
Global
	GlobalSection(SolutionConfigurationPlatforms) = preSolution
		Debug|Any CPU = Debug|Any CPU
		Release|Any CPU = Release|Any CPU
	EndGlobalSection
	GlobalSection(ProjectConfigurationPlatforms) = postSolution
		{71CCCF41-9049-4534-8DDE-7D5A0A8FCEC4}.Debug|Any CPU.ActiveCfg = Debug|Any CPU
		{71CCCF41-9049-4534-8DDE-7D5A0A8FCEC4}.Debug|Any CPU.Build.0 = Debug|Any CPU
		{71CCCF41-9049-4534-8DDE-7D5A0A8FCEC4}.Release|Any CPU.ActiveCfg = Release|Any CPU
		{71CCCF41-9049-4534-8DDE-7D5A0A8FCEC4}.Release|Any CPU.Build.0 = Release|Any CPU
	EndGlobalSection
	GlobalSection(SolutionProperties) = preSolution
		HideSolutionNode = FALSE
	EndGlobalSection
	GlobalSection(ExtensibilityGlobals) = postSolution
		SolutionGuid = {983695F3-BE82-45B3-844C-00A7A81B6CAD}
	EndGlobalSection
EndGlobal
